// !$*UTF8*$!
{
	archiveVersion = 1;
	classes = {
	};
	objectVersion = 50;
	objects = {

/* Begin PBXBuildFile section */
		1B0D77C206CB9616180993E4 /* Pods_finalImagePicker.framework in Frameworks */ = {isa = PBXBuildFile; fileRef = C3D05682FD08718F41A589BC /* Pods_finalImagePicker.framework */; };
		87B2423620FF4F9A0089E48A /* AppDelegate.swift in Sources */ = {isa = PBXBuildFile; fileRef = 87B2423520FF4F9A0089E48A /* AppDelegate.swift */; };
		87B2423820FF4F9A0089E48A /* ViewController.swift in Sources */ = {isa = PBXBuildFile; fileRef = 87B2423720FF4F9A0089E48A /* ViewController.swift */; };
		87B2423B20FF4F9A0089E48A /* Main.storyboard in Resources */ = {isa = PBXBuildFile; fileRef = 87B2423920FF4F9A0089E48A /* Main.storyboard */; };
		87B2423D20FF4F9F0089E48A /* Assets.xcassets in Resources */ = {isa = PBXBuildFile; fileRef = 87B2423C20FF4F9F0089E48A /* Assets.xcassets */; };
		87B2424020FF4F9F0089E48A /* LaunchScreen.storyboard in Resources */ = {isa = PBXBuildFile; fileRef = 87B2423E20FF4F9F0089E48A /* LaunchScreen.storyboard */; };
/* End PBXBuildFile section */

/* Begin PBXFileReference section */
		87B2423220FF4F9A0089E48A /* finalImagePicker.app */ = {isa = PBXFileReference; explicitFileType = wrapper.application; includeInIndex = 0; path = finalImagePicker.app; sourceTree = BUILT_PRODUCTS_DIR; };
		87B2423520FF4F9A0089E48A /* AppDelegate.swift */ = {isa = PBXFileReference; lastKnownFileType = sourcecode.swift; path = AppDelegate.swift; sourceTree = "<group>"; };
		87B2423720FF4F9A0089E48A /* ViewController.swift */ = {isa = PBXFileReference; lastKnownFileType = sourcecode.swift; path = ViewController.swift; sourceTree = "<group>"; };
		87B2423A20FF4F9A0089E48A /* Base */ = {isa = PBXFileReference; lastKnownFileType = file.storyboard; name = Base; path = Base.lproj/Main.storyboard; sourceTree = "<group>"; };
		87B2423C20FF4F9F0089E48A /* Assets.xcassets */ = {isa = PBXFileReference; lastKnownFileType = folder.assetcatalog; path = Assets.xcassets; sourceTree = "<group>"; };
		87B2423F20FF4F9F0089E48A /* Base */ = {isa = PBXFileReference; lastKnownFileType = file.storyboard; name = Base; path = Base.lproj/LaunchScreen.storyboard; sourceTree = "<group>"; };
		87B2424120FF4F9F0089E48A /* Info.plist */ = {isa = PBXFileReference; lastKnownFileType = text.plist.xml; path = Info.plist; sourceTree = "<group>"; };
		C3D05682FD08718F41A589BC /* Pods_finalImagePicker.framework */ = {isa = PBXFileReference; explicitFileType = wrapper.framework; includeInIndex = 0; path = Pods_finalImagePicker.framework; sourceTree = BUILT_PRODUCTS_DIR; };
		E82C87A798B78E6C8293313C /* Pods-finalImagePicker.debug.xcconfig */ = {isa = PBXFileReference; includeInIndex = 1; lastKnownFileType = text.xcconfig; name = "Pods-finalImagePicker.debug.xcconfig"; path = "Pods/Target Support Files/Pods-finalImagePicker/Pods-finalImagePicker.debug.xcconfig"; sourceTree = "<group>"; };
		FFF3B382272EE2F97449126A /* Pods-finalImagePicker.release.xcconfig */ = {isa = PBXFileReference; includeInIndex = 1; lastKnownFileType = text.xcconfig; name = "Pods-finalImagePicker.release.xcconfig"; path = "Pods/Target Support Files/Pods-finalImagePicker/Pods-finalImagePicker.release.xcconfig"; sourceTree = "<group>"; };
/* End PBXFileReference section */

/* Begin PBXFrameworksBuildPhase section */
		87B2422F20FF4F9A0089E48A /* Frameworks */ = {
			isa = PBXFrameworksBuildPhase;
			buildActionMask = 2147483647;
			files = (
				1B0D77C206CB9616180993E4 /* Pods_finalImagePicker.framework in Frameworks */,
			);
			runOnlyForDeploymentPostprocessing = 0;
		};
/* End PBXFrameworksBuildPhase section */

/* Begin PBXGroup section */
		385FD490DED2851D89E823B4 /* Frameworks */ = {
			isa = PBXGroup;
			children = (
				C3D05682FD08718F41A589BC /* Pods_finalImagePicker.framework */,
			);
			name = Frameworks;
			sourceTree = "<group>";
		};
		87B2422920FF4F9A0089E48A = {
			isa = PBXGroup;
			children = (
				87B2423420FF4F9A0089E48A /* finalImagePicker */,
				87B2423320FF4F9A0089E48A /* Products */,
				D1C22F2CAD5D4C15C46FF8CC /* Pods */,
				385FD490DED2851D89E823B4 /* Frameworks */,
			);
			sourceTree = "<group>";
		};
		87B2423320FF4F9A0089E48A /* Products */ = {
			isa = PBXGroup;
			children = (
				87B2423220FF4F9A0089E48A /* finalImagePicker.app */,
			);
			name = Products;
			sourceTree = "<group>";
		};
		87B2423420FF4F9A0089E48A /* finalImagePicker */ = {
			isa = PBXGroup;
			children = (
				87B2423520FF4F9A0089E48A /* AppDelegate.swift */,
				87B2423720FF4F9A0089E48A /* ViewController.swift */,
				87B2423920FF4F9A0089E48A /* Main.storyboard */,
				87B2423C20FF4F9F0089E48A /* Assets.xcassets */,
				87B2423E20FF4F9F0089E48A /* LaunchScreen.storyboard */,
				87B2424120FF4F9F0089E48A /* Info.plist */,
			);
			path = finalImagePicker;
			sourceTree = "<group>";
		};
		D1C22F2CAD5D4C15C46FF8CC /* Pods */ = {
			isa = PBXGroup;
			children = (
				E82C87A798B78E6C8293313C /* Pods-finalImagePicker.debug.xcconfig */,
				FFF3B382272EE2F97449126A /* Pods-finalImagePicker.release.xcconfig */,
			);
			name = Pods;
			sourceTree = "<group>";
		};
/* End PBXGroup section */

/* Begin PBXNativeTarget section */
		87B2423120FF4F9A0089E48A /* finalImagePicker */ = {
			isa = PBXNativeTarget;
			buildConfigurationList = 87B2424420FF4F9F0089E48A /* Build configuration list for PBXNativeTarget "finalImagePicker" */;
			buildPhases = (
				0C24B4AB8C6A92F4A346668D /* [CP] Check Pods Manifest.lock */,
				87B2422E20FF4F9A0089E48A /* Sources */,
				87B2422F20FF4F9A0089E48A /* Frameworks */,
				87B2423020FF4F9A0089E48A /* Resources */,
				131FB765EB21BE14BC3AC17B /* [CP] Embed Pods Frameworks */,
			);
			buildRules = (
			);
			dependencies = (
			);
			name = finalImagePicker;
			productName = finalImagePicker;
			productReference = 87B2423220FF4F9A0089E48A /* finalImagePicker.app */;
			productType = "com.apple.product-type.application";
		};
/* End PBXNativeTarget section */

/* Begin PBXProject section */
		87B2422A20FF4F9A0089E48A /* Project object */ = {
			isa = PBXProject;
			attributes = {
				LastSwiftUpdateCheck = 1000;
				LastUpgradeCheck = 1000;
				ORGANIZATIONNAME = "Saddam Hossain";
				TargetAttributes = {
					87B2423120FF4F9A0089E48A = {
						CreatedOnToolsVersion = 10.0;
					};
				};
			};
			buildConfigurationList = 87B2422D20FF4F9A0089E48A /* Build configuration list for PBXProject "finalImagePicker" */;
			compatibilityVersion = "Xcode 9.3";
			developmentRegion = en;
			hasScannedForEncodings = 0;
			knownRegions = (
				en,
				Base,
			);
			mainGroup = 87B2422920FF4F9A0089E48A;
			productRefGroup = 87B2423320FF4F9A0089E48A /* Products */;
			projectDirPath = "";
			projectRoot = "";
			targets = (
				87B2423120FF4F9A0089E48A /* finalImagePicker */,
			);
		};
/* End PBXProject section */

/* Begin PBXResourcesBuildPhase section */
		87B2423020FF4F9A0089E48A /* Resources */ = {
			isa = PBXResourcesBuildPhase;
			buildActionMask = 2147483647;
			files = (
				87B2424020FF4F9F0089E48A /* LaunchScreen.storyboard in Resources */,
				87B2423D20FF4F9F0089E48A /* Assets.xcassets in Resources */,
				87B2423B20FF4F9A0089E48A /* Main.storyboard in Resources */,
			);
			runOnlyForDeploymentPostprocessing = 0;
		};
/* End PBXResourcesBuildPhase section */

/* Begin PBXShellScriptBuildPhase section */
		0C24B4AB8C6A92F4A346668D /* [CP] Check Pods Manifest.lock */ = {
			isa = PBXShellScriptBuildPhase;
			buildActionMask = 2147483647;
			files = (
			);
			inputPaths = (
				"${PODS_PODFILE_DIR_PATH}/Podfile.lock",
				"${PODS_ROOT}/Manifest.lock",
			);
			name = "[CP] Check Pods Manifest.lock";
			outputPaths = (
				"$(DERIVED_FILE_DIR)/Pods-finalImagePicker-checkManifestLockResult.txt",
			);
			runOnlyForDeploymentPostprocessing = 0;
			shellPath = /bin/sh;
			shellScript = "diff \"${PODS_PODFILE_DIR_PATH}/Podfile.lock\" \"${PODS_ROOT}/Manifest.lock\" > /dev/null\nif [ $? != 0 ] ; then\n    # print error to STDERR\n    echo \"error: The sandbox is not in sync with the Podfile.lock. Run 'pod install' or update your CocoaPods installation.\" >&2\n    exit 1\nfi\n# This output is used by Xcode 'outputs' to avoid re-running this script phase.\necho \"SUCCESS\" > \"${SCRIPT_OUTPUT_FILE_0}\"\n";
			showEnvVarsInLog = 0;
		};
		131FB765EB21BE14BC3AC17B /* [CP] Embed Pods Frameworks */ = {
			isa = PBXShellScriptBuildPhase;
			buildActionMask = 2147483647;
			files = (
			);
			inputPaths = (
				"${SRCROOT}/Pods/Target Support Files/Pods-finalImagePicker/Pods-finalImagePicker-frameworks.sh",
				"${BUILT_PRODUCTS_DIR}/Cache/Cache.framework",
				"${BUILT_PRODUCTS_DIR}/Hue/Hue.framework",
				"${BUILT_PRODUCTS_DIR}/ImagePicker/ImagePicker.framework",
				"${BUILT_PRODUCTS_DIR}/Imaginary/Imaginary.framework",
				"${BUILT_PRODUCTS_DIR}/Lightbox/Lightbox.framework",
			);
			name = "[CP] Embed Pods Frameworks";
			outputPaths = (
				"${TARGET_BUILD_DIR}/${FRAMEWORKS_FOLDER_PATH}/Cache.framework",
				"${TARGET_BUILD_DIR}/${FRAMEWORKS_FOLDER_PATH}/Hue.framework",
				"${TARGET_BUILD_DIR}/${FRAMEWORKS_FOLDER_PATH}/ImagePicker.framework",
				"${TARGET_BUILD_DIR}/${FRAMEWORKS_FOLDER_PATH}/Imaginary.framework",
				"${TARGET_BUILD_DIR}/${FRAMEWORKS_FOLDER_PATH}/Lightbox.framework",
			);
			runOnlyForDeploymentPostprocessing = 0;
			shellPath = /bin/sh;
			shellScript = "\"${SRCROOT}/Pods/Target Support Files/Pods-finalImagePicker/Pods-finalImagePicker-frameworks.sh\"\n";
			showEnvVarsInLog = 0;
		};
/* End PBXShellScriptBuildPhase section */

/* Begin PBXSourcesBuildPhase section */
		87B2422E20FF4F9A0089E48A /* Sources */ = {
			isa = PBXSourcesBuildPhase;
			buildActionMask = 2147483647;
			files = (
				87B2423820FF4F9A0089E48A /* ViewController.swift in Sources */,
				87B2423620FF4F9A0089E48A /* AppDelegate.swift in Sources */,
			);
			runOnlyForDeploymentPostprocessing = 0;
		};
/* End PBXSourcesBuildPhase section */

/* Begin PBXVariantGroup section */
		87B2423920FF4F9A0089E48A /* Main.storyboard */ = {
			isa = PBXVariantGroup;
			children = (
				87B2423A20FF4F9A0089E48A /* Base */,
			);
			name = Main.storyboard;
			sourceTree = "<group>";
		};
		87B2423E20FF4F9F0089E48A /* LaunchScreen.storyboard */ = {
			isa = PBXVariantGroup;
			children = (
				87B2423F20FF4F9F0089E48A /* Base */,
			);
			name = LaunchScreen.storyboard;
			sourceTree = "<group>";
		};
/* End PBXVariantGroup section */

/* Begin XCBuildConfiguration section */
		87B2424220FF4F9F0089E48A /* Debug */ = {
			isa = XCBuildConfiguration;
			buildSettings = {
				ALWAYS_SEARCH_USER_PATHS = NO;
				CLANG_ANALYZER_NONNULL = YES;
				CLANG_ANALYZER_NUMBER_OBJECT_CONVERSION = YES_AGGRESSIVE;
				CLANG_CXX_LANGUAGE_STANDARD = "gnu++14";
				CLANG_CXX_LIBRARY = "libc++";
				CLANG_ENABLE_MODULES = YES;
				CLANG_ENABLE_OBJC_ARC = YES;
				CLANG_ENABLE_OBJC_WEAK = YES;
				CLANG_WARN_BLOCK_CAPTURE_AUTORELEASING = YES;
				CLANG_WARN_BOOL_CONVERSION = YES;
				CLANG_WARN_COMMA = YES;
				CLANG_WARN_CONSTANT_CONVERSION = YES;
				CLANG_WARN_DEPRECATED_OBJC_IMPLEMENTATIONS = YES;
				CLANG_WARN_DIRECT_OBJC_ISA_USAGE = YES_ERROR;
				CLANG_WARN_DOCUMENTATION_COMMENTS = YES;
				CLANG_WARN_EMPTY_BODY = YES;
				CLANG_WARN_ENUM_CONVERSION = YES;
				CLANG_WARN_INFINITE_RECURSION = YES;
				CLANG_WARN_INT_CONVERSION = YES;
				CLANG_WARN_NON_LITERAL_NULL_CONVERSION = YES;
				CLANG_WARN_OBJC_IMPLICIT_RETAIN_SELF = YES;
				CLANG_WARN_OBJC_LITERAL_CONVERSION = YES;
				CLANG_WARN_OBJC_ROOT_CLASS = YES_ERROR;
				CLANG_WARN_RANGE_LOOP_ANALYSIS = YES;
				CLANG_WARN_STRICT_PROTOTYPES = YES;
				CLANG_WARN_SUSPICIOUS_MOVE = YES;
				CLANG_WARN_UNGUARDED_AVAILABILITY = YES_AGGRESSIVE;
				CLANG_WARN_UNREACHABLE_CODE = YES;
				CLANG_WARN__DUPLICATE_METHOD_MATCH = YES;
				CODE_SIGN_IDENTITY = "iPhone Developer";
				COPY_PHASE_STRIP = NO;
				DEBUG_INFORMATION_FORMAT = dwarf;
				ENABLE_STRICT_OBJC_MSGSEND = YES;
				ENABLE_TESTABILITY = YES;
				GCC_C_LANGUAGE_STANDARD = gnu11;
				GCC_DYNAMIC_NO_PIC = NO;
				GCC_NO_COMMON_BLOCKS = YES;
				GCC_OPTIMIZATION_LEVEL = 0;
				GCC_PREPROCESSOR_DEFINITIONS = (
					"DEBUG=1",
					"$(inherited)",
				);
				GCC_WARN_64_TO_32_BIT_CONVERSION = YES;
				GCC_WARN_ABOUT_RETURN_TYPE = YES_ERROR;
				GCC_WARN_UNDECLARED_SELECTOR = YES;
				GCC_WARN_UNINITIALIZED_AUTOS = YES_AGGRESSIVE;
				GCC_WARN_UNUSED_FUNCTION = YES;
				GCC_WARN_UNUSED_VARIABLE = YES;
				IPHONEOS_DEPLOYMENT_TARGET = 12.0;
				MTL_ENABLE_DEBUG_INFO = INCLUDE_SOURCE;
				MTL_FAST_MATH = YES;
				ONLY_ACTIVE_ARCH = YES;
				SDKROOT = iphoneos;
				SWIFT_ACTIVE_COMPILATION_CONDITIONS = DEBUG;
				SWIFT_OPTIMIZATION_LEVEL = "-Onone";
			};
			name = Debug;
		};
		87B2424320FF4F9F0089E48A /* Release */ = {
			isa = XCBuildConfiguration;
			buildSettings = {
				ALWAYS_SEARCH_USER_PATHS = NO;
				CLANG_ANALYZER_NONNULL = YES;
				CLANG_ANALYZER_NUMBER_OBJECT_CONVERSION = YES_AGGRESSIVE;
				CLANG_CXX_LANGUAGE_STANDARD = "gnu++14";
				CLANG_CXX_LIBRARY = "libc++";
				CLANG_ENABLE_MODULES = YES;
				CLANG_ENABLE_OBJC_ARC = YES;
				CLANG_ENABLE_OBJC_WEAK = YES;
				CLANG_WARN_BLOCK_CAPTURE_AUTORELEASING = YES;
				CLANG_WARN_BOOL_CONVERSION = YES;
				CLANG_WARN_COMMA = YES;
				CLANG_WARN_CONSTANT_CONVERSION = YES;
				CLANG_WARN_DEPRECATED_OBJC_IMPLEMENTATIONS = YES;
				CLANG_WARN_DIRECT_OBJC_ISA_USAGE = YES_ERROR;
				CLANG_WARN_DOCUMENTATION_COMMENTS = YES;
				CLANG_WARN_EMPTY_BODY = YES;
				CLANG_WARN_ENUM_CONVERSION = YES;
				CLANG_WARN_INFINITE_RECURSION = YES;
				CLANG_WARN_INT_CONVERSION = YES;
				CLANG_WARN_NON_LITERAL_NULL_CONVERSION = YES;
				CLANG_WARN_OBJC_IMPLICIT_RETAIN_SELF = YES;
				CLANG_WARN_OBJC_LITERAL_CONVERSION = YES;
				CLANG_WARN_OBJC_ROOT_CLASS = YES_ERROR;
				CLANG_WARN_RANGE_LOOP_ANALYSIS = YES;
				CLANG_WARN_STRICT_PROTOTYPES = YES;
				CLANG_WARN_SUSPICIOUS_MOVE = YES;
				CLANG_WARN_UNGUARDED_AVAILABILITY = YES_AGGRESSIVE;
				CLANG_WARN_UNREACHABLE_CODE = YES;
				CLANG_WARN__DUPLICATE_METHOD_MATCH = YES;
				CODE_SIGN_IDENTITY = "iPhone Developer";
				COPY_PHASE_STRIP = NO;
				DEBUG_INFORMATION_FORMAT = "dwarf-with-dsym";
				ENABLE_NS_ASSERTIONS = NO;
				ENABLE_STRICT_OBJC_MSGSEND = YES;
				GCC_C_LANGUAGE_STANDARD = gnu11;
				GCC_NO_COMMON_BLOCKS = YES;
				GCC_WARN_64_TO_32_BIT_CONVERSION = YES;
				GCC_WARN_ABOUT_RETURN_TYPE = YES_ERROR;
				GCC_WARN_UNDECLARED_SELECTOR = YES;
				GCC_WARN_UNINITIALIZED_AUTOS = YES_AGGRESSIVE;
				GCC_WARN_UNUSED_FUNCTION = YES;
				GCC_WARN_UNUSED_VARIABLE = YES;
				IPHONEOS_DEPLOYMENT_TARGET = 12.0;
				MTL_ENABLE_DEBUG_INFO = NO;
				MTL_FAST_MATH = YES;
				SDKROOT = iphoneos;
				SWIFT_COMPILATION_MODE = wholemodule;
				SWIFT_OPTIMIZATION_LEVEL = "-O";
				VALIDATE_PRODUCT = YES;
			};
			name = Release;
		};
		87B2424520FF4F9F0089E48A /* Debug */ = {
			isa = XCBuildConfiguration;
			baseConfigurationReference = E82C87A798B78E6C8293313C /* Pods-finalImagePicker.debug.xcconfig */;
			buildSettings = {
				ASSETCATALOG_COMPILER_APPICON_NAME = AppIcon;
				CODE_SIGN_STYLE = Automatic;
				INFOPLIST_FILE = finalImagePicker/Info.plist;
				LD_RUNPATH_SEARCH_PATHS = (
					"$(inherited)",
					"@executable_path/Frameworks",
				);
				PRODUCT_BUNDLE_IDENTIFIER = cslsoftwarelimited.finalImagePicker;
				PRODUCT_NAME = "$(TARGET_NAME)";
				SWIFT_VERSION = 4.2;
				TARGETED_DEVICE_FAMILY = "1,2";
			};
			name = Debug;
		};
		87B2424620FF4F9F0089E48A /* Release */ = {
			isa = XCBuildConfiguration;
			baseConfigurationReference = FFF3B382272EE2F97449126A /* Pods-finalImagePicker.release.xcconfig */;
			buildSettings = {
				ASSETCATALOG_COMPILER_APPICON_NAME = AppIcon;
				CODE_SIGN_STYLE = Automatic;
				INFOPLIST_FILE = finalImagePicker/Info.plist;
				LD_RUNPATH_SEARCH_PATHS = (
					"$(inherited)",
					"@executable_path/Frameworks",
				);
				PRODUCT_BUNDLE_IDENTIFIER = cslsoftwarelimited.finalImagePicker;
				PRODUCT_NAME = "$(TARGET_NAME)";
				SWIFT_VERSION = 4.2;
				TARGETED_DEVICE_FAMILY = "1,2";
			};
			name = Release;
		};
/* End XCBuildConfiguration section */

/* Begin XCConfigurationList section */
		87B2422D20FF4F9A0089E48A /* Build configuration list for PBXProject "finalImagePicker" */ = {
			isa = XCConfigurationList;
			buildConfigurations = (
				87B2424220FF4F9F0089E48A /* Debug */,
				87B2424320FF4F9F0089E48A /* Release */,
			);
			defaultConfigurationIsVisible = 0;
			defaultConfigurationName = Release;
		};
		87B2424420FF4F9F0089E48A /* Build configuration list for PBXNativeTarget "finalImagePicker" */ = {
			isa = XCConfigurationList;
			buildConfigurations = (
				87B2424520FF4F9F0089E48A /* Debug */,
				87B2424620FF4F9F0089E48A /* Release */,
			);
			defaultConfigurationIsVisible = 0;
			defaultConfigurationName = Release;
		};
/* End XCConfigurationList section */
	};
	rootObject = 87B2422A20FF4F9A0089E48A /* Project object */;
}
